
Microsoft Visual Studio Solution File, Format Version 12.00
# Visual Studio 15
VisualStudioVersion = 15.0.28010.2036
MinimumVisualStudioVersion = 10.0.40219.1
Project("{9A19103F-16F7-4668-BE54-9A1E7A4F7556}") = "test", "test\test.csproj", "{4D744763-1251-4924-BFE2-19B044391CA3}"
EndProject
Project("{8BC9CEB8-8B4A-11D0-8D11-00A0C91BC942}") = "ConsoleApplication1", "ConsoleApplication1\ConsoleApplication1.vcxproj", "{8C09C628-1E97-47FE-9F4B-2C2D9FDBF33A}"
EndProject
Global
	GlobalSection(SolutionConfigurationPlatforms) = preSolution
		Debug|Any CPU = Debug|Any CPU
		Debug|x64 = Debug|x64
		Debug|x86 = Debug|x86
		Release|Any CPU = Release|Any CPU
		Release|x64 = Release|x64
		Release|x86 = Release|x86
	EndGlobalSection
	GlobalSection(ProjectConfigurationPlatforms) = postSolution
		{4D744763-1251-4924-BFE2-19B044391CA3}.Debug|Any CPU.ActiveCfg = Debug|Any CPU
		{4D744763-1251-4924-BFE2-19B044391CA3}.Debug|Any CPU.Build.0 = Debug|Any CPU
		{4D744763-1251-4924-BFE2-19B044391CA3}.Debug|x64.ActiveCfg = Debug|Any CPU
		{4D744763-1251-4924-BFE2-19B044391CA3}.Debug|x64.Build.0 = Debug|Any CPU
		{4D744763-1251-4924-BFE2-19B044391CA3}.Debug|x86.ActiveCfg = Debug|Any CPU
		{4D744763-1251-4924-BFE2-19B044391CA3}.Debug|x86.Build.0 = Debug|Any CPU
		{4D744763-1251-4924-BFE2-19B044391CA3}.Release|Any CPU.ActiveCfg = Release|Any CPU
		{4D744763-1251-4924-BFE2-19B044391CA3}.Release|Any CPU.Build.0 = Release|Any CPU
		{4D744763-1251-4924-BFE2-19B044391CA3}.Release|x64.ActiveCfg = Release|Any CPU
		{4D744763-1251-4924-BFE2-19B044391CA3}.Release|x64.Build.0 = Release|Any CPU
		{4D744763-1251-4924-BFE2-19B044391CA3}.Release|x86.ActiveCfg = Release|Any CPU
		{4D744763-1251-4924-BFE2-19B044391CA3}.Release|x86.Build.0 = Release|Any CPU
		{8C09C628-1E97-47FE-9F4B-2C2D9FDBF33A}.Debug|Any CPU.ActiveCfg = Debug|Win32
		{8C09C628-1E97-47FE-9F4B-2C2D9FDBF33A}.Debug|x64.ActiveCfg = Debug|x64
		{8C09C628-1E97-47FE-9F4B-2C2D9FDBF33A}.Debug|x64.Build.0 = Debug|x64
		{8C09C628-1E97-47FE-9F4B-2C2D9FDBF33A}.Debug|x86.ActiveCfg = Debug|Win32
		{8C09C628-1E97-47FE-9F4B-2C2D9FDBF33A}.Debug|x86.Build.0 = Debug|Win32
		{8C09C628-1E97-47FE-9F4B-2C2D9FDBF33A}.Release|Any CPU.ActiveCfg = Release|Win32
		{8C09C628-1E97-47FE-9F4B-2C2D9FDBF33A}.Release|x64.ActiveCfg = Release|x64
		{8C09C628-1E97-47FE-9F4B-2C2D9FDBF33A}.Release|x64.Build.0 = Release|x64
		{8C09C628-1E97-47FE-9F4B-2C2D9FDBF33A}.Release|x86.ActiveCfg = Release|Win32
		{8C09C628-1E97-47FE-9F4B-2C2D9FDBF33A}.Release|x86.Build.0 = Release|Win32
	EndGlobalSection
	GlobalSection(SolutionProperties) = preSolution
		HideSolutionNode = FALSE
	EndGlobalSection
	GlobalSection(ExtensibilityGlobals) = postSolution
		SolutionGuid = {19E6195C-F63B-4DD3-9B4D-14A5714BBED1}
	EndGlobalSection
EndGlobal
