
Microsoft Visual Studio Solution File, Format Version 12.00
# Visual Studio 15
VisualStudioVersion = 15.0.28010.2036
MinimumVisualStudioVersion = 10.0.40219.1
Project("{FAE04EC0-301F-11D3-BF4B-00C04F79EFBC}") = "test", "test\test.csproj", "{4D744763-1251-4924-BFE2-19B044391CA3}"
EndProject
Global
	GlobalSection(SolutionConfigurationPlatforms) = preSolution
		Debug|Any CPU = Debug|Any CPU
		Release|Any CPU = Release|Any CPU
	EndGlobalSection
	GlobalSection(ProjectConfigurationPlatforms) = postSolution
		{4D744763-1251-4924-BFE2-19B044391CA3}.Debug|Any CPU.ActiveCfg = Debug|Any CPU
		{4D744763-1251-4924-BFE2-19B044391CA3}.Debug|Any CPU.Build.0 = Debug|Any CPU
		{4D744763-1251-4924-BFE2-19B044391CA3}.Release|Any CPU.ActiveCfg = Release|Any CPU
		{4D744763-1251-4924-BFE2-19B044391CA3}.Release|Any CPU.Build.0 = Release|Any CPU
	EndGlobalSection
	GlobalSection(SolutionProperties) = preSolution
		HideSolutionNode = FALSE
	EndGlobalSection
	GlobalSection(ExtensibilityGlobals) = postSolution
		SolutionGuid = {19E6195C-F63B-4DD3-9B4D-14A5714BBED1}
	EndGlobalSection
EndGlobal
